{
  "requires": true,
  "lockfileVersion": 1,
  "dependencies": {
    "eslint-plugin-react-hooks": {
      "version": "2.1.1",
      "resolved": "https://registry.npmjs.org/eslint-plugin-react-hooks/-/eslint-plugin-react-hooks-2.1.1.tgz",
      "integrity": "sha512-AYitPYzwHyKpZKpzMH5sCkld68vP8wn29Lq716h4jk1ll9Gp4BBFoPq/iCjBBT35eXFJvOPjgMlvhIXFB0OhXg==",
      "dev": true
    }
  }
}
